github.com/Bilibotter/light-flow/flow v1.1.1 h1:rEhMb2F7FaLKxDVJNY8iphmWa9CP6NDKlVwc5pBf+Bw=
github.com/Bilibotter/light-flow/flow v1.1.1/go.mod h1:0PY9M86uqsZLE3Yw16dGHl5YRGKghl40CSMhFQbw3Cs=
github.com/google/uuid v1.6.0 h1:NIvaJDMOsjHA8n1jAhLSgzrAzy1Hgr+hNrb57e+94F0=
github.com/google/uuid v1.6.0/go.mod h1:TIyPZe4MgqvfeYDBFedMoGGpEw/LqOeaOT+nhxU+yHo=
